
Microsoft Visual Studio Solution File, Format Version 12.00
# Visual Studio Version 16
VisualStudioVersion = 16.0.30523.141
MinimumVisualStudioVersion = 10.0.40219.1
Project("{FAE04EC0-301F-11D3-BF4B-00C04F79EFBC}") = "AccessInfo", "AccessInfo\AccessInfo.csproj", "{3542586A-9C4E-423F-9D8F-E4B634C62F1D}"
EndProject
Global
	GlobalSection(SolutionConfigurationPlatforms) = preSolution
		Debug|Any CPU = Debug|Any CPU
		Release|Any CPU = Release|Any CPU
	EndGlobalSection
	GlobalSection(ProjectConfigurationPlatforms) = postSolution
		{3542586A-9C4E-423F-9D8F-E4B634C62F1D}.Debug|Any CPU.ActiveCfg = Debug|Any CPU
		{3542586A-9C4E-423F-9D8F-E4B634C62F1D}.Debug|Any CPU.Build.0 = Debug|Any CPU
		{3542586A-9C4E-423F-9D8F-E4B634C62F1D}.Release|Any CPU.ActiveCfg = Release|Any CPU
		{3542586A-9C4E-423F-9D8F-E4B634C62F1D}.Release|Any CPU.Build.0 = Release|Any CPU
	EndGlobalSection
	GlobalSection(SolutionProperties) = preSolution
		HideSolutionNode = FALSE
	EndGlobalSection
	GlobalSection(ExtensibilityGlobals) = postSolution
		SolutionGuid = {1AA4EAAE-8A62-474C-B123-59E681389713}
	EndGlobalSection
EndGlobal
